// !$*UTF8*$!
{
	archiveVersion = 1;
	classes = {
	};
	objectVersion = 46;
	objects = {

/* Begin PBXBuildFile section */
		22B52DFA19187EBC003D2643 /* Foundation.framework in Frameworks */ = {isa = PBXBuildFile; fileRef = 22B52DF919187EBC003D2643 /* Foundation.framework */; };
		22B52DFC19187EBC003D2643 /* CoreGraphics.framework in Frameworks */ = {isa = PBXBuildFile; fileRef = 22B52DFB19187EBC003D2643 /* CoreGraphics.framework */; };
		22B52DFE19187EBC003D2643 /* UIKit.framework in Frameworks */ = {isa = PBXBuildFile; fileRef = 22B52DFD19187EBC003D2643 /* UIKit.framework */; };
		22B52E0419187EBC003D2643 /* InfoPlist.strings in Resources */ = {isa = PBXBuildFile; fileRef = 22B52E0219187EBC003D2643 /* InfoPlist.strings */; };
		22B52E0619187EBC003D2643 /* main.m in Sources */ = {isa = PBXBuildFile; fileRef = 22B52E0519187EBC003D2643 /* main.m */; };
		22B52E0A19187EBC003D2643 /* HelloWorldAppDelegate.m in Sources */ = {isa = PBXBuildFile; fileRef = 22B52E0919187EBC003D2643 /* HelloWorldAppDelegate.m */; };
		22B52E0D19187EBC003D2643 /* Main.storyboard in Resources */ = {isa = PBXBuildFile; fileRef = 22B52E0B19187EBC003D2643 /* Main.storyboard */; };
		22B52E1019187EBC003D2643 /* HelloWorldViewController.m in Sources */ = {isa = PBXBuildFile; fileRef = 22B52E0F19187EBC003D2643 /* HelloWorldViewController.m */; };
		22B52E1219187EBC003D2643 /* Images.xcassets in Resources */ = {isa = PBXBuildFile; fileRef = 22B52E1119187EBC003D2643 /* Images.xcassets */; };
		22B52E1919187EBC003D2643 /* XCTest.framework in Frameworks */ = {isa = PBXBuildFile; fileRef = 22B52E1819187EBC003D2643 /* XCTest.framework */; };
		22B52E1A19187EBD003D2643 /* Foundation.framework in Frameworks */ = {isa = PBXBuildFile; fileRef = 22B52DF919187EBC003D2643 /* Foundation.framework */; };
		22B52E1B19187EBD003D2643 /* UIKit.framework in Frameworks */ = {isa = PBXBuildFile; fileRef = 22B52DFD19187EBC003D2643 /* UIKit.framework */; };
		22B52E2319187EBD003D2643 /* InfoPlist.strings in Resources */ = {isa = PBXBuildFile; fileRef = 22B52E2119187EBD003D2643 /* InfoPlist.strings */; };
		22B52E2519187EBD003D2643 /* HelloWorldTests.m in Sources */ = {isa = PBXBuildFile; fileRef = 22B52E2419187EBD003D2643 /* HelloWorldTests.m */; };
/* End PBXBuildFile section */

/* Begin PBXContainerItemProxy section */
		22B52E1C19187EBD003D2643 /* PBXContainerItemProxy */ = {
			isa = PBXContainerItemProxy;
			containerPortal = 22B52DEE19187EBC003D2643 /* Project object */;
			proxyType = 1;
			remoteGlobalIDString = 22B52DF519187EBC003D2643;
			remoteInfo = HelloWorld;
		};
/* End PBXContainerItemProxy section */

/* Begin PBXFileReference section */
		22B52DF619187EBC003D2643 /* HelloWorld.app */ = {isa = PBXFileReference; explicitFileType = wrapper.application; includeInIndex = 0; path = HelloWorld.app; sourceTree = BUILT_PRODUCTS_DIR; };
		22B52DF919187EBC003D2643 /* Foundation.framework */ = {isa = PBXFileReference; lastKnownFileType = wrapper.framework; name = Foundation.framework; path = System/Library/Frameworks/Foundation.framework; sourceTree = SDKROOT; };
		22B52DFB19187EBC003D2643 /* CoreGraphics.framework */ = {isa = PBXFileReference; lastKnownFileType = wrapper.framework; name = CoreGraphics.framework; path = System/Library/Frameworks/CoreGraphics.framework; sourceTree = SDKROOT; };
		22B52DFD19187EBC003D2643 /* UIKit.framework */ = {isa = PBXFileReference; lastKnownFileType = wrapper.framework; name = UIKit.framework; path = System/Library/Frameworks/UIKit.framework; sourceTree = SDKROOT; };
		22B52E0119187EBC003D2643 /* HelloWorld-Info.plist */ = {isa = PBXFileReference; lastKnownFileType = text.plist.xml; path = "HelloWorld-Info.plist"; sourceTree = "<group>"; };
		22B52E0319187EBC003D2643 /* en */ = {isa = PBXFileReference; lastKnownFileType = text.plist.strings; name = en; path = en.lproj/InfoPlist.strings; sourceTree = "<group>"; };
		22B52E0519187EBC003D2643 /* main.m */ = {isa = PBXFileReference; lastKnownFileType = sourcecode.c.objc; path = main.m; sourceTree = "<group>"; };
		22B52E0719187EBC003D2643 /* HelloWorld-Prefix.pch */ = {isa = PBXFileReference; lastKnownFileType = sourcecode.c.h; path = "HelloWorld-Prefix.pch"; sourceTree = "<group>"; };
		22B52E0819187EBC003D2643 /* HelloWorldAppDelegate.h */ = {isa = PBXFileReference; lastKnownFileType = sourcecode.c.h; path = HelloWorldAppDelegate.h; sourceTree = "<group>"; };
		22B52E0919187EBC003D2643 /* HelloWorldAppDelegate.m */ = {isa = PBXFileReference; lastKnownFileType = sourcecode.c.objc; path = HelloWorldAppDelegate.m; sourceTree = "<group>"; };
		22B52E0C19187EBC003D2643 /* Base */ = {isa = PBXFileReference; lastKnownFileType = file.storyboard; name = Base; path = Base.lproj/Main.storyboard; sourceTree = "<group>"; };
		22B52E0E19187EBC003D2643 /* HelloWorldViewController.h */ = {isa = PBXFileReference; lastKnownFileType = sourcecode.c.h; path = HelloWorldViewController.h; sourceTree = "<group>"; };
		22B52E0F19187EBC003D2643 /* HelloWorldViewController.m */ = {isa = PBXFileReference; lastKnownFileType = sourcecode.c.objc; path = HelloWorldViewController.m; sourceTree = "<group>"; };
		22B52E1119187EBC003D2643 /* Images.xcassets */ = {isa = PBXFileReference; lastKnownFileType = folder.assetcatalog; path = Images.xcassets; sourceTree = "<group>"; };
		22B52E1719187EBC003D2643 /* HelloWorldTests.xctest */ = {isa = PBXFileReference; explicitFileType = wrapper.cfbundle; includeInIndex = 0; path = HelloWorldTests.xctest; sourceTree = BUILT_PRODUCTS_DIR; };
		22B52E1819187EBC003D2643 /* XCTest.framework */ = {isa = PBXFileReference; lastKnownFileType = wrapper.framework; name = XCTest.framework; path = Library/Frameworks/XCTest.framework; sourceTree = DEVELOPER_DIR; };
		22B52E2019187EBD003D2643 /* HelloWorldTests-Info.plist */ = {isa = PBXFileReference; lastKnownFileType = text.plist.xml; path = "HelloWorldTests-Info.plist"; sourceTree = "<group>"; };
		22B52E2219187EBD003D2643 /* en */ = {isa = PBXFileReference; lastKnownFileType = text.plist.strings; name = en; path = en.lproj/InfoPlist.strings; sourceTree = "<group>"; };
		22B52E2419187EBD003D2643 /* HelloWorldTests.m */ = {isa = PBXFileReference; lastKnownFileType = sourcecode.c.objc; path = HelloWorldTests.m; sourceTree = "<group>"; };
/* End PBXFileReference section */

/* Begin PBXFrameworksBuildPhase section */
		22B52DF319187EBC003D2643 /* Frameworks */ = {
			isa = PBXFrameworksBuildPhase;
			buildActionMask = 2147483647;
			files = (
				22B52DFC19187EBC003D2643 /* CoreGraphics.framework in Frameworks */,
				22B52DFE19187EBC003D2643 /* UIKit.framework in Frameworks */,
				22B52DFA19187EBC003D2643 /* Foundation.framework in Frameworks */,
			);
			runOnlyForDeploymentPostprocessing = 0;
		};
		22B52E1419187EBC003D2643 /* Frameworks */ = {
			isa = PBXFrameworksBuildPhase;
			buildActionMask = 2147483647;
			files = (
				22B52E1919187EBC003D2643 /* XCTest.framework in Frameworks */,
				22B52E1B19187EBD003D2643 /* UIKit.framework in Frameworks */,
				22B52E1A19187EBD003D2643 /* Foundation.framework in Frameworks */,
			);
			runOnlyForDeploymentPostprocessing = 0;
		};
/* End PBXFrameworksBuildPhase section */

/* Begin PBXGroup section */
		22B52DED19187EBC003D2643 = {
			isa = PBXGroup;
			children = (
				22B52DFF19187EBC003D2643 /* HelloWorld */,
				22B52E1E19187EBD003D2643 /* HelloWorldTests */,
				22B52DF819187EBC003D2643 /* Frameworks */,
				22B52DF719187EBC003D2643 /* Products */,
			);
			sourceTree = "<group>";
		};
		22B52DF719187EBC003D2643 /* Products */ = {
			isa = PBXGroup;
			children = (
				22B52DF619187EBC003D2643 /* HelloWorld.app */,
				22B52E1719187EBC003D2643 /* HelloWorldTests.xctest */,
			);
			name = Products;
			sourceTree = "<group>";
		};
		22B52DF819187EBC003D2643 /* Frameworks */ = {
			isa = PBXGroup;
			children = (
				22B52DF919187EBC003D2643 /* Foundation.framework */,
				22B52DFB19187EBC003D2643 /* CoreGraphics.framework */,
				22B52DFD19187EBC003D2643 /* UIKit.framework */,
				22B52E1819187EBC003D2643 /* XCTest.framework */,
			);
			name = Frameworks;
			sourceTree = "<group>";
		};
		22B52DFF19187EBC003D2643 /* HelloWorld */ = {
			isa = PBXGroup;
			children = (
				22B52E0819187EBC003D2643 /* HelloWorldAppDelegate.h */,
				22B52E0919187EBC003D2643 /* HelloWorldAppDelegate.m */,
				22B52E0B19187EBC003D2643 /* Main.storyboard */,
				22B52E0E19187EBC003D2643 /* HelloWorldViewController.h */,
				22B52E0F19187EBC003D2643 /* HelloWorldViewController.m */,
				22B52E1119187EBC003D2643 /* Images.xcassets */,
				22B52E0019187EBC003D2643 /* Supporting Files */,
			);
			path = HelloWorld;
			sourceTree = "<group>";
		};
		22B52E0019187EBC003D2643 /* Supporting Files */ = {
			isa = PBXGroup;
			children = (
				22B52E0119187EBC003D2643 /* HelloWorld-Info.plist */,
				22B52E0219187EBC003D2643 /* InfoPlist.strings */,
				22B52E0519187EBC003D2643 /* main.m */,
				22B52E0719187EBC003D2643 /* HelloWorld-Prefix.pch */,
			);
			name = "Supporting Files";
			sourceTree = "<group>";
		};
		22B52E1E19187EBD003D2643 /* HelloWorldTests */ = {
			isa = PBXGroup;
			children = (
				22B52E2419187EBD003D2643 /* HelloWorldTests.m */,
				22B52E1F19187EBD003D2643 /* Supporting Files */,
			);
			path = HelloWorldTests;
			sourceTree = "<group>";
		};
		22B52E1F19187EBD003D2643 /* Supporting Files */ = {
			isa = PBXGroup;
			children = (
				22B52E2019187EBD003D2643 /* HelloWorldTests-Info.plist */,
				22B52E2119187EBD003D2643 /* InfoPlist.strings */,
			);
			name = "Supporting Files";
			sourceTree = "<group>";
		};
/* End PBXGroup section */

/* Begin PBXNativeTarget section */
		22B52DF519187EBC003D2643 /* HelloWorld */ = {
			isa = PBXNativeTarget;
			buildConfigurationList = 22B52E2819187EBD003D2643 /* Build configuration list for PBXNativeTarget "HelloWorld" */;
			buildPhases = (
				22B52DF219187EBC003D2643 /* Sources */,
				22B52DF319187EBC003D2643 /* Frameworks */,
				22B52DF419187EBC003D2643 /* Resources */,
			);
			buildRules = (
			);
			dependencies = (
			);
			name = HelloWorld;
			productName = HelloWorld;
			productReference = 22B52DF619187EBC003D2643 /* HelloWorld.app */;
			productType = "com.apple.product-type.application";
		};
		22B52E1619187EBC003D2643 /* HelloWorldTests */ = {
			isa = PBXNativeTarget;
			buildConfigurationList = 22B52E2B19187EBD003D2643 /* Build configuration list for PBXNativeTarget "HelloWorldTests" */;
			buildPhases = (
				22B52E1319187EBC003D2643 /* Sources */,
				22B52E1419187EBC003D2643 /* Frameworks */,
				22B52E1519187EBC003D2643 /* Resources */,
			);
			buildRules = (
			);
			dependencies = (
				22B52E1D19187EBD003D2643 /* PBXTargetDependency */,
			);
			name = HelloWorldTests;
			productName = HelloWorldTests;
			productReference = 22B52E1719187EBC003D2643 /* HelloWorldTests.xctest */;
			productType = "com.apple.product-type.bundle.unit-test";
		};
/* End PBXNativeTarget section */

/* Begin PBXProject section */
		22B52DEE19187EBC003D2643 /* Project object */ = {
			isa = PBXProject;
			attributes = {
				CLASSPREFIX = HelloWorld;
				LastUpgradeCheck = 0510;
				ORGANIZATIONNAME = msse650;
				TargetAttributes = {
					22B52E1619187EBC003D2643 = {
						TestTargetID = 22B52DF519187EBC003D2643;
					};
				};
			};
			buildConfigurationList = 22B52DF119187EBC003D2643 /* Build configuration list for PBXProject "HelloWorld" */;
			compatibilityVersion = "Xcode 3.2";
			developmentRegion = English;
			hasScannedForEncodings = 0;
			knownRegions = (
				en,
				Base,
			);
			mainGroup = 22B52DED19187EBC003D2643;
			productRefGroup = 22B52DF719187EBC003D2643 /* Products */;
			projectDirPath = "";
			projectRoot = "";
			targets = (
				22B52DF519187EBC003D2643 /* HelloWorld */,
				22B52E1619187EBC003D2643 /* HelloWorldTests */,
			);
		};
/* End PBXProject section */

/* Begin PBXResourcesBuildPhase section */
		22B52DF419187EBC003D2643 /* Resources */ = {
			isa = PBXResourcesBuildPhase;
			buildActionMask = 2147483647;
			files = (
				22B52E1219187EBC003D2643 /* Images.xcassets in Resources */,
				22B52E0419187EBC003D2643 /* InfoPlist.strings in Resources */,
				22B52E0D19187EBC003D2643 /* Main.storyboard in Resources */,
			);
			runOnlyForDeploymentPostprocessing = 0;
		};
		22B52E1519187EBC003D2643 /* Resources */ = {
			isa = PBXResourcesBuildPhase;
			buildActionMask = 2147483647;
			files = (
				22B52E2319187EBD003D2643 /* InfoPlist.strings in Resources */,
			);
			runOnlyForDeploymentPostprocessing = 0;
		};
/* End PBXResourcesBuildPhase section */

/* Begin PBXSourcesBuildPhase section */
		22B52DF219187EBC003D2643 /* Sources */ = {
			isa = PBXSourcesBuildPhase;
			buildActionMask = 2147483647;
			files = (
				22B52E0A19187EBC003D2643 /* HelloWorldAppDelegate.m in Sources */,
				22B52E1019187EBC003D2643 /* HelloWorldViewController.m in Sources */,
				22B52E0619187EBC003D2643 /* main.m in Sources */,
			);
			runOnlyForDeploymentPostprocessing = 0;
		};
		22B52E1319187EBC003D2643 /* Sources */ = {
			isa = PBXSourcesBuildPhase;
			buildActionMask = 2147483647;
			files = (
				22B52E2519187EBD003D2643 /* HelloWorldTests.m in Sources */,
			);
			runOnlyForDeploymentPostprocessing = 0;
		};
/* End PBXSourcesBuildPhase section */

/* Begin PBXTargetDependency section */
		22B52E1D19187EBD003D2643 /* PBXTargetDependency */ = {
			isa = PBXTargetDependency;
			target = 22B52DF519187EBC003D2643 /* HelloWorld */;
			targetProxy = 22B52E1C19187EBD003D2643 /* PBXContainerItemProxy */;
		};
/* End PBXTargetDependency section */

/* Begin PBXVariantGroup section */
		22B52E0219187EBC003D2643 /* InfoPlist.strings */ = {
			isa = PBXVariantGroup;
			children = (
				22B52E0319187EBC003D2643 /* en */,
			);
			name = InfoPlist.strings;
			sourceTree = "<group>";
		};
		22B52E0B19187EBC003D2643 /* Main.storyboard */ = {
			isa = PBXVariantGroup;
			children = (
				22B52E0C19187EBC003D2643 /* Base */,
			);
			name = Main.storyboard;
			sourceTree = "<group>";
		};
		22B52E2119187EBD003D2643 /* InfoPlist.strings */ = {
			isa = PBXVariantGroup;
			children = (
				22B52E2219187EBD003D2643 /* en */,
			);
			name = InfoPlist.strings;
			sourceTree = "<group>";
		};
/* End PBXVariantGroup section */

/* Begin XCBuildConfiguration section */
		22B52E2619187EBD003D2643 /* Debug */ = {
			isa = XCBuildConfiguration;
			buildSettings = {
				ALWAYS_SEARCH_USER_PATHS = NO;
				CLANG_CXX_LANGUAGE_STANDARD = "gnu++0x";
				CLANG_CXX_LIBRARY = "libc++";
				CLANG_ENABLE_MODULES = YES;
				CLANG_ENABLE_OBJC_ARC = YES;
				CLANG_WARN_BOOL_CONVERSION = YES;
				CLANG_WARN_CONSTANT_CONVERSION = YES;
				CLANG_WARN_DIRECT_OBJC_ISA_USAGE = YES_ERROR;
				CLANG_WARN_EMPTY_BODY = YES;
				CLANG_WARN_ENUM_CONVERSION = YES;
				CLANG_WARN_INT_CONVERSION = YES;
				CLANG_WARN_OBJC_ROOT_CLASS = YES_ERROR;
				CLANG_WARN__DUPLICATE_METHOD_MATCH = YES;
				"CODE_SIGN_IDENTITY[sdk=iphoneos*]" = "iPhone Developer";
				COPY_PHASE_STRIP = NO;
				GCC_C_LANGUAGE_STANDARD = gnu99;
				GCC_DYNAMIC_NO_PIC = NO;
				GCC_OPTIMIZATION_LEVEL = 0;
				GCC_PREPROCESSOR_DEFINITIONS = (
					"DEBUG=1",
					"$(inherited)",
				);
				GCC_SYMBOLS_PRIVATE_EXTERN = NO;
				GCC_WARN_64_TO_32_BIT_CONVERSION = YES;
				GCC_WARN_ABOUT_RETURN_TYPE = YES_ERROR;
				GCC_WARN_UNDECLARED_SELECTOR = YES;
				GCC_WARN_UNINITIALIZED_AUTOS = YES_AGGRESSIVE;
				GCC_WARN_UNUSED_FUNCTION = YES;
				GCC_WARN_UNUSED_VARIABLE = YES;
				IPHONEOS_DEPLOYMENT_TARGET = 7.1;
				ONLY_ACTIVE_ARCH = YES;
				SDKROOT = iphoneos;
			};
			name = Debug;
		};
		22B52E2719187EBD003D2643 /* Release */ = {
			isa = XCBuildConfiguration;
			buildSettings = {
				ALWAYS_SEARCH_USER_PATHS = NO;
				CLANG_CXX_LANGUAGE_STANDARD = "gnu++0x";
				CLANG_CXX_LIBRARY = "libc++";
				CLANG_ENABLE_MODULES = YES;
				CLANG_ENABLE_OBJC_ARC = YES;
				CLANG_WARN_BOOL_CONVERSION = YES;
				CLANG_WARN_CONSTANT_CONVERSION = YES;
				CLANG_WARN_DIRECT_OBJC_ISA_USAGE = YES_ERROR;
				CLANG_WARN_EMPTY_BODY = YES;
				CLANG_WARN_ENUM_CONVERSION = YES;
				CLANG_WARN_INT_CONVERSION = YES;
				CLANG_WARN_OBJC_ROOT_CLASS = YES_ERROR;
				CLANG_WARN__DUPLICATE_METHOD_MATCH = YES;
				"CODE_SIGN_IDENTITY[sdk=iphoneos*]" = "iPhone Developer";
				COPY_PHASE_STRIP = YES;
				ENABLE_NS_ASSERTIONS = NO;
				GCC_C_LANGUAGE_STANDARD = gnu99;
				GCC_WARN_64_TO_32_BIT_CONVERSION = YES;
				GCC_WARN_ABOUT_RETURN_TYPE = YES_ERROR;
				GCC_WARN_UNDECLARED_SELECTOR = YES;
				GCC_WARN_UNINITIALIZED_AUTOS = YES_AGGRESSIVE;
				GCC_WARN_UNUSED_FUNCTION = YES;
				GCC_WARN_UNUSED_VARIABLE = YES;
				IPHONEOS_DEPLOYMENT_TARGET = 7.1;
				SDKROOT = iphoneos;
				VALIDATE_PRODUCT = YES;
			};
			name = Release;
		};
		22B52E2919187EBD003D2643 /* Debug */ = {
			isa = XCBuildConfiguration;
			buildSettings = {
				ASSETCATALOG_COMPILER_APPICON_NAME = AppIcon;
				ASSETCATALOG_COMPILER_LAUNCHIMAGE_NAME = LaunchImage;
				GCC_PRECOMPILE_PREFIX_HEADER = YES;
				GCC_PREFIX_HEADER = "HelloWorld/HelloWorld-Prefix.pch";
				INFOPLIST_FILE = "HelloWorld/HelloWorld-Info.plist";
				PRODUCT_NAME = "$(TARGET_NAME)";
				WRAPPER_EXTENSION = app;
			};
			name = Debug;
		};
		22B52E2A19187EBD003D2643 /* Release */ = {
			isa = XCBuildConfiguration;
			buildSettings = {
				ASSETCATALOG_COMPILER_APPICON_NAME = AppIcon;
				ASSETCATALOG_COMPILER_LAUNCHIMAGE_NAME = LaunchImage;
				GCC_PRECOMPILE_PREFIX_HEADER = YES;
				GCC_PREFIX_HEADER = "HelloWorld/HelloWorld-Prefix.pch";
				INFOPLIST_FILE = "HelloWorld/HelloWorld-Info.plist";
				PRODUCT_NAME = "$(TARGET_NAME)";
				WRAPPER_EXTENSION = app;
			};
			name = Release;
		};
		22B52E2C19187EBD003D2643 /* Debug */ = {
			isa = XCBuildConfiguration;
			buildSettings = {
				BUNDLE_LOADER = "$(BUILT_PRODUCTS_DIR)/HelloWorld.app/HelloWorld";
				FRAMEWORK_SEARCH_PATHS = (
					"$(SDKROOT)/Developer/Library/Frameworks",
					"$(inherited)",
					"$(DEVELOPER_FRAMEWORKS_DIR)",
				);
				GCC_PRECOMPILE_PREFIX_HEADER = YES;
				GCC_PREFIX_HEADER = "HelloWorld/HelloWorld-Prefix.pch";
				GCC_PREPROCESSOR_DEFINITIONS = (
					"DEBUG=1",
					"$(inherited)",
				);
				INFOPLIST_FILE = "HelloWorldTests/HelloWorldTests-Info.plist";
				PRODUCT_NAME = "$(TARGET_NAME)";
				TEST_HOST = "$(BUNDLE_LOADER)";
				WRAPPER_EXTENSION = xctest;
			};
			name = Debug;
		};
		22B52E2D19187EBD003D2643 /* Release */ = {
			isa = XCBuildConfiguration;
			buildSettings = {
				BUNDLE_LOADER = "$(BUILT_PRODUCTS_DIR)/HelloWorld.app/HelloWorld";
				FRAMEWORK_SEARCH_PATHS = (
					"$(SDKROOT)/Developer/Library/Frameworks",
					"$(inherited)",
					"$(DEVELOPER_FRAMEWORKS_DIR)",
				);
				GCC_PRECOMPILE_PREFIX_HEADER = YES;
				GCC_PREFIX_HEADER = "HelloWorld/HelloWorld-Prefix.pch";
				INFOPLIST_FILE = "HelloWorldTests/HelloWorldTests-Info.plist";
				PRODUCT_NAME = "$(TARGET_NAME)";
				TEST_HOST = "$(BUNDLE_LOADER)";
				WRAPPER_EXTENSION = xctest;
			};
			name = Release;
		};
/* End XCBuildConfiguration section */

/* Begin XCConfigurationList section */
		22B52DF119187EBC003D2643 /* Build configuration list for PBXProject "HelloWorld" */ = {
			isa = XCConfigurationList;
			buildConfigurations = (
				22B52E2619187EBD003D2643 /* Debug */,
				22B52E2719187EBD003D2643 /* Release */,
			);
			defaultConfigurationIsVisible = 0;
			defaultConfigurationName = Release;
		};
		22B52E2819187EBD003D2643 /* Build configuration list for PBXNativeTarget "HelloWorld" */ = {
			isa = XCConfigurationList;
			buildConfigurations = (
				22B52E2919187EBD003D2643 /* Debug */,
				22B52E2A19187EBD003D2643 /* Release */,
			);
			defaultConfigurationIsVisible = 0;
		};
		22B52E2B19187EBD003D2643 /* Build configuration list for PBXNativeTarget "HelloWorldTests" */ = {
			isa = XCConfigurationList;
			buildConfigurations = (
				22B52E2C19187EBD003D2643 /* Debug */,
				22B52E2D19187EBD003D2643 /* Release */,
			);
			defaultConfigurationIsVisible = 0;
		};
/* End XCConfigurationList section */
	};
	rootObject = 22B52DEE19187EBC003D2643 /* Project object */;
}
